lockfileVersion: '9.0'

settings:
  autoInstallPeers: true
  excludeLinksFromLockfile: false

importers:

  .:
    dependencies:
      which:
        specifier: 4.0.0
        version: 4.0.0
    devDependencies:
      '@types/node':
        specifier: 20.12.11
        version: 20.12.11
      '@types/which':
        specifier: 3.0.3
        version: 3.0.3
      esbuild:
        specifier: 0.21.1
        version: 0.21.1
      prettier:
        specifier: 3.2.5
        version: 3.2.5
      publint:
        specifier: 0.2.7
        version: 0.2.7
      typescript:
        specifier: 5.4.5
        version: 5.4.5

packages:

  '@esbuild/aix-ppc64@0.21.1':
    resolution: {integrity: sha512-O7yppwipkXvnEPjzkSXJRk2g4bS8sUx9p9oXHq9MU/U7lxUzZVsnFZMDTmeeX9bfQxrFcvOacl/ENgOh0WP9pA==, tarball: https://registry.npmjs.org/@esbuild/aix-ppc64/-/aix-ppc64-0.21.1.tgz}
    engines: {node: '>=12'}
    cpu: [ppc64]
    os: [aix]

  '@esbuild/android-arm64@0.21.1':
    resolution: {integrity: sha512-jXhccq6es+onw7x8MxoFnm820mz7sGa9J14kLADclmiEUH4fyj+FjR6t0M93RgtlI/awHWhtF0Wgfhqgf9gDZA==, tarball: https://registry.npmjs.org/@esbuild/android-arm64/-/android-arm64-0.21.1.tgz}
    engines: {node: '>=12'}
    cpu: [arm64]
    os: [android]

  '@esbuild/android-arm@0.21.1':
    resolution: {integrity: sha512-hh3jKWikdnTtHCglDAeVO3Oyh8MaH8xZUaWMiCCvJ9/c3NtPqZq+CACOlGTxhddypXhl+8B45SeceYBfB/e8Ow==, tarball: https://registry.npmjs.org/@esbuild/android-arm/-/android-arm-0.21.1.tgz}
    engines: {node: '>=12'}
    cpu: [arm]
    os: [android]

  '@esbuild/android-x64@0.21.1':
    resolution: {integrity: sha512-NPObtlBh4jQHE01gJeucqEhdoD/4ya2owSIS8lZYS58aR0x7oZo9lB2lVFxgTANSa5MGCBeoQtr+yA9oKCGPvA==, tarball: https://registry.npmjs.org/@esbuild/android-x64/-/android-x64-0.21.1.tgz}
    engines: {node: '>=12'}
    cpu: [x64]
    os: [android]

  '@esbuild/darwin-arm64@0.21.1':
    resolution: {integrity: sha512-BLT7TDzqsVlQRmJfO/FirzKlzmDpBWwmCUlyggfzUwg1cAxVxeA4O6b1XkMInlxISdfPAOunV9zXjvh5x99Heg==, tarball: https://registry.npmjs.org/@esbuild/darwin-arm64/-/darwin-arm64-0.21.1.tgz}
    engines: {node: '>=12'}
    cpu: [arm64]
    os: [darwin]

  '@esbuild/darwin-x64@0.21.1':
    resolution: {integrity: sha512-D3h3wBQmeS/vp93O4B+SWsXB8HvRDwMyhTNhBd8yMbh5wN/2pPWRW5o/hM3EKgk9bdKd9594lMGoTCTiglQGRQ==, tarball: https://registry.npmjs.org/@esbuild/darwin-x64/-/darwin-x64-0.21.1.tgz}
    engines: {node: '>=12'}
    cpu: [x64]
    os: [darwin]

  '@esbuild/freebsd-arm64@0.21.1':
    resolution: {integrity: sha512-/uVdqqpNKXIxT6TyS/oSK4XE4xWOqp6fh4B5tgAwozkyWdylcX+W4YF2v6SKsL4wCQ5h1bnaSNjWPXG/2hp8AQ==, tarball: https://registry.npmjs.org/@esbuild/freebsd-arm64/-/freebsd-arm64-0.21.1.tgz}
    engines: {node: '>=12'}
    cpu: [arm64]
    os: [freebsd]

  '@esbuild/freebsd-x64@0.21.1':
    resolution: {integrity: sha512-paAkKN1n1jJitw+dAoR27TdCzxRl1FOEITx3h201R6NoXUojpMzgMLdkXVgCvaCSCqwYkeGLoe9UVNRDKSvQgw==, tarball: https://registry.npmjs.org/@esbuild/freebsd-x64/-/freebsd-x64-0.21.1.tgz}
    engines: {node: '>=12'}
    cpu: [x64]
    os: [freebsd]

  '@esbuild/linux-arm64@0.21.1':
    resolution: {integrity: sha512-G65d08YoH00TL7Xg4LaL3gLV21bpoAhQ+r31NUu013YB7KK0fyXIt05VbsJtpqh/6wWxoLJZOvQHYnodRrnbUQ==, tarball: https://registry.npmjs.org/@esbuild/linux-arm64/-/linux-arm64-0.21.1.tgz}
    engines: {node: '>=12'}
    cpu: [arm64]
    os: [linux]

  '@esbuild/linux-arm@0.21.1':
    resolution: {integrity: sha512-tRHnxWJnvNnDpNVnsyDhr1DIQZUfCXlHSCDohbXFqmg9W4kKR7g8LmA3kzcwbuxbRMKeit8ladnCabU5f2traA==, tarball: https://registry.npmjs.org/@esbuild/linux-arm/-/linux-arm-0.21.1.tgz}
    engines: {node: '>=12'}
    cpu: [arm]
    os: [linux]

  '@esbuild/linux-ia32@0.21.1':
    resolution: {integrity: sha512-tt/54LqNNAqCz++QhxoqB9+XqdsaZOtFD/srEhHYwBd3ZUOepmR1Eeot8bS+Q7BiEvy9vvKbtpHf+r6q8hF5UA==, tarball: https://registry.npmjs.org/@esbuild/linux-ia32/-/linux-ia32-0.21.1.tgz}
    engines: {node: '>=12'}
    cpu: [ia32]
    os: [linux]

  '@esbuild/linux-loong64@0.21.1':
    resolution: {integrity: sha512-MhNalK6r0nZD0q8VzUBPwheHzXPr9wronqmZrewLfP7ui9Fv1tdPmg6e7A8lmg0ziQCziSDHxh3cyRt4YMhGnQ==, tarball: https://registry.npmjs.org/@esbuild/linux-loong64/-/linux-loong64-0.21.1.tgz}
    engines: {node: '>=12'}
    cpu: [loong64]
    os: [linux]

  '@esbuild/linux-mips64el@0.21.1':
    resolution: {integrity: sha512-YCKVY7Zen5rwZV+nZczOhFmHaeIxR4Zn3jcmNH53LbgF6IKRwmrMywqDrg4SiSNApEefkAbPSIzN39FC8VsxPg==, tarball: https://registry.npmjs.org/@esbuild/linux-mips64el/-/linux-mips64el-0.21.1.tgz}
    engines: {node: '>=12'}
    cpu: [mips64el]
    os: [linux]

  '@esbuild/linux-ppc64@0.21.1':
    resolution: {integrity: sha512-bw7bcQ+270IOzDV4mcsKAnDtAFqKO0jVv3IgRSd8iM0ac3L8amvCrujRVt1ajBTJcpDaFhIX+lCNRKteoDSLig==, tarball: https://registry.npmjs.org/@esbuild/linux-ppc64/-/linux-ppc64-0.21.1.tgz}
    engines: {node: '>=12'}
    cpu: [ppc64]
    os: [linux]

  '@esbuild/linux-riscv64@0.21.1':
    resolution: {integrity: sha512-ARmDRNkcOGOm1AqUBSwRVDfDeD9hGYRfkudP2QdoonBz1ucWVnfBPfy7H4JPI14eYtZruRSczJxyu7SRYDVOcg==, tarball: https://registry.npmjs.org/@esbuild/linux-riscv64/-/linux-riscv64-0.21.1.tgz}
    engines: {node: '>=12'}
    cpu: [riscv64]
    os: [linux]

  '@esbuild/linux-s390x@0.21.1':
    resolution: {integrity: sha512-o73TcUNMuoTZlhwFdsgr8SfQtmMV58sbgq6gQq9G1xUiYnHMTmJbwq65RzMx89l0iya69lR4bxBgtWiiOyDQZA==, tarball: https://registry.npmjs.org/@esbuild/linux-s390x/-/linux-s390x-0.21.1.tgz}
    engines: {node: '>=12'}
    cpu: [s390x]
    os: [linux]

  '@esbuild/linux-x64@0.21.1':
    resolution: {integrity: sha512-da4/1mBJwwgJkbj4fMH7SOXq2zapgTo0LKXX1VUZ0Dxr+e8N0WbS80nSZ5+zf3lvpf8qxrkZdqkOqFfm57gXwA==, tarball: https://registry.npmjs.org/@esbuild/linux-x64/-/linux-x64-0.21.1.tgz}
    engines: {node: '>=12'}
    cpu: [x64]
    os: [linux]

  '@esbuild/netbsd-x64@0.21.1':
    resolution: {integrity: sha512-CPWs0HTFe5woTJN5eKPvgraUoRHrCtzlYIAv9wBC+FAyagBSaf+UdZrjwYyTGnwPGkThV4OCI7XibZOnPvONVw==, tarball: https://registry.npmjs.org/@esbuild/netbsd-x64/-/netbsd-x64-0.21.1.tgz}
    engines: {node: '>=12'}
    cpu: [x64]
    os: [netbsd]

  '@esbuild/openbsd-x64@0.21.1':
    resolution: {integrity: sha512-xxhTm5QtzNLc24R0hEkcH+zCx/o49AsdFZ0Cy5zSd/5tOj4X2g3/2AJB625NoadUuc4A8B3TenLJoYdWYOYCew==, tarball: https://registry.npmjs.org/@esbuild/openbsd-x64/-/openbsd-x64-0.21.1.tgz}
    engines: {node: '>=12'}
    cpu: [x64]
    os: [openbsd]

  '@esbuild/sunos-x64@0.21.1':
    resolution: {integrity: sha512-CWibXszpWys1pYmbr9UiKAkX6x+Sxw8HWtw1dRESK1dLW5fFJ6rMDVw0o8MbadusvVQx1a8xuOxnHXT941Hp1A==, tarball: https://registry.npmjs.org/@esbuild/sunos-x64/-/sunos-x64-0.21.1.tgz}
    engines: {node: '>=12'}
    cpu: [x64]
    os: [sunos]

  '@esbuild/win32-arm64@0.21.1':
    resolution: {integrity: sha512-jb5B4k+xkytGbGUS4T+Z89cQJ9DJ4lozGRSV+hhfmCPpfJ3880O31Q1srPCimm+V6UCbnigqD10EgDNgjvjerQ==, tarball: https://registry.npmjs.org/@esbuild/win32-arm64/-/win32-arm64-0.21.1.tgz}
    engines: {node: '>=12'}
    cpu: [arm64]
    os: [win32]

  '@esbuild/win32-ia32@0.21.1':
    resolution: {integrity: sha512-PgyFvjJhXqHn1uxPhyN1wZ6dIomKjiLUQh1LjFvjiV1JmnkZ/oMPrfeEAZg5R/1ftz4LZWZr02kefNIQ5SKREQ==, tarball: https://registry.npmjs.org/@esbuild/win32-ia32/-/win32-ia32-0.21.1.tgz}
    engines: {node: '>=12'}
    cpu: [ia32]
    os: [win32]

  '@esbuild/win32-x64@0.21.1':
    resolution: {integrity: sha512-W9NttRZQR5ehAiqHGDnvfDaGmQOm6Fi4vSlce8mjM75x//XKuVAByohlEX6N17yZnVXxQFuh4fDRunP8ca6bfA==, tarball: https://registry.npmjs.org/@esbuild/win32-x64/-/win32-x64-0.21.1.tgz}
    engines: {node: '>=12'}
    cpu: [x64]
    os: [win32]

  '@types/node@20.12.11':
    resolution: {integrity: sha512-vDg9PZ/zi+Nqp6boSOT7plNuthRugEKixDv5sFTIpkE89MmNtEArAShI4mxuX2+UrLEe9pxC1vm2cjm9YlWbJw==, tarball: https://registry.npmjs.org/@types/node/-/node-20.12.11.tgz}

  '@types/which@3.0.3':
    resolution: {integrity: sha512-2C1+XoY0huExTbs8MQv1DuS5FS86+SEjdM9F/+GS61gg5Hqbtj8ZiDSx8MfWcyei907fIPbfPGCOrNUTnVHY1g==, tarball: https://registry.npmjs.org/@types/which/-/which-3.0.3.tgz}

  balanced-match@1.0.2:
    resolution: {integrity: sha512-3oSeUO0TMV67hN1AmbXsK4yaqU7tjiHlbxRDZOpH0KW9+CeX4bRAaX0Anxt0tx2MrpRpWwQaPwIlISEJhYU5Pw==, tarball: https://registry.npmjs.org/balanced-match/-/balanced-match-1.0.2.tgz}

  brace-expansion@2.0.1:
    resolution: {integrity: sha512-XnAIvQ8eM+kC6aULx6wuQiwVsnzsi9d3WxzV3FpWTGA19F621kwdbsAcFKXgKUHZWsy+mY6iL1sHTxWEFCytDA==, tarball: https://registry.npmjs.org/brace-expansion/-/brace-expansion-2.0.1.tgz}

  esbuild@0.21.1:
    resolution: {integrity: sha512-GPqx+FX7mdqulCeQ4TsGZQ3djBJkx5k7zBGtqt9ycVlWNg8llJ4RO9n2vciu8BN2zAEs6lPbPl0asZsAh7oWzg==, tarball: https://registry.npmjs.org/esbuild/-/esbuild-0.21.1.tgz}
    engines: {node: '>=12'}
    hasBin: true

  fs.realpath@1.0.0:
    resolution: {integrity: sha512-OO0pH2lK6a0hZnAdau5ItzHPI6pUlvI7jMVnxUQRtw4owF2wk8lOSabtGDCTP4Ggrg2MbGnWO9X8K1t4+fGMDw==, tarball: https://registry.npmjs.org/fs.realpath/-/fs.realpath-1.0.0.tgz}

  glob@8.1.0:
    resolution: {integrity: sha512-r8hpEjiQEYlF2QU0df3dS+nxxSIreXQS1qRhMJM0Q5NDdR386C7jb7Hwwod8Fgiuex+k0GFjgft18yvxm5XoCQ==, tarball: https://registry.npmjs.org/glob/-/glob-8.1.0.tgz}
    engines: {node: '>=12'}

  ignore-walk@5.0.1:
    resolution: {integrity: sha512-yemi4pMf51WKT7khInJqAvsIGzoqYXblnsz0ql8tM+yi1EKYTY1evX4NAbJrLL/Aanr2HyZeluqU+Oi7MGHokw==, tarball: https://registry.npmjs.org/ignore-walk/-/ignore-walk-5.0.1.tgz}
    engines: {node: ^12.13.0 || ^14.15.0 || >=16.0.0}

  inflight@1.0.6:
    resolution: {integrity: sha512-k92I/b08q4wvFscXCLvqfsHCrjrF7yiXsQuIVvVE7N82W3+aqpzuUdBbfhWcy/FZR3/4IgflMgKLOsvPDrGCJA==, tarball: https://registry.npmjs.org/inflight/-/inflight-1.0.6.tgz}

  inherits@2.0.4:
    resolution: {integrity: sha512-k/vGaX4/Yla3WzyMCvTQOXYeIHvqOKtnqBduzTHpzpQZzAskKMhZ2K+EnBiSM9zGSoIFeMpXKxa4dYeZIQqewQ==, tarball: https://registry.npmjs.org/inherits/-/inherits-2.0.4.tgz}

  isexe@3.1.1:
    resolution: {integrity: sha512-LpB/54B+/2J5hqQ7imZHfdU31OlgQqx7ZicVlkm9kzg9/w8GKLEcFfJl/t7DCEDueOyBAD6zCCwTO6Fzs0NoEQ==, tarball: https://registry.npmjs.org/isexe/-/isexe-3.1.1.tgz}
    engines: {node: '>=16'}

  minimatch@5.1.6:
    resolution: {integrity: sha512-lKwV/1brpG6mBUFHtb7NUmtABCb2WZZmm2wNiOA5hAb8VdCS4B3dtMWyvcoViccwAW/COERjXLt0zP1zXUN26g==, tarball: https://registry.npmjs.org/minimatch/-/minimatch-5.1.6.tgz}
    engines: {node: '>=10'}

  mri@1.2.0:
    resolution: {integrity: sha512-tzzskb3bG8LvYGFF/mDTpq3jpI6Q9wc3LEmBaghu+DdCssd1FakN7Bc0hVNmEyGq1bq3RgfkCb3cmQLpNPOroA==, tarball: https://registry.npmjs.org/mri/-/mri-1.2.0.tgz}
    engines: {node: '>=4'}

  npm-bundled@2.0.1:
    resolution: {integrity: sha512-gZLxXdjEzE/+mOstGDqR6b0EkhJ+kM6fxM6vUuckuctuVPh80Q6pw/rSZj9s4Gex9GxWtIicO1pc8DB9KZWudw==, tarball: https://registry.npmjs.org/npm-bundled/-/npm-bundled-2.0.1.tgz}
    engines: {node: ^12.13.0 || ^14.15.0 || >=16.0.0}

  npm-normalize-package-bin@2.0.0:
    resolution: {integrity: sha512-awzfKUO7v0FscrSpRoogyNm0sajikhBWpU0QMrW09AMi9n1PoKU6WaIqUzuJSQnpciZZmJ/jMZ2Egfmb/9LiWQ==, tarball: https://registry.npmjs.org/npm-normalize-package-bin/-/npm-normalize-package-bin-2.0.0.tgz}
    engines: {node: ^12.13.0 || ^14.15.0 || >=16.0.0}

  npm-packlist@5.1.3:
    resolution: {integrity: sha512-263/0NGrn32YFYi4J533qzrQ/krmmrWwhKkzwTuM4f/07ug51odoaNjUexxO4vxlzURHcmYMH1QjvHjsNDKLVg==, tarball: https://registry.npmjs.org/npm-packlist/-/npm-packlist-5.1.3.tgz}
    engines: {node: ^12.13.0 || ^14.15.0 || >=16.0.0}
    hasBin: true

  once@1.4.0:
    resolution: {integrity: sha512-lNaJgI+2Q5URQBkccEKHTQOPaXdUxnZZElQTZY0MFUAuaEqe1E+Nyvgdz/aIyNi6Z9MzO5dv1H8n58/GELp3+w==, tarball: https://registry.npmjs.org/once/-/once-1.4.0.tgz}

  picocolors@1.0.0:
    resolution: {integrity: sha512-1fygroTLlHu66zi26VoTDv8yRgm0Fccecssto+MhsZ0D/DGW2sm8E8AjW7NU5VVTRt5GxbeZ5qBuJr+HyLYkjQ==, tarball: https://registry.npmjs.org/picocolors/-/picocolors-1.0.0.tgz}

  prettier@3.2.5:
    resolution: {integrity: sha512-3/GWa9aOC0YeD7LUfvOG2NiDyhOWRvt1k+rcKhOuYnMY24iiCphgneUfJDyFXd6rZCAnuLBv6UeAULtrhT/F4A==, tarball: https://registry.npmjs.org/prettier/-/prettier-3.2.5.tgz}
    engines: {node: '>=14'}
    hasBin: true

  publint@0.2.7:
    resolution: {integrity: sha512-tLU4ee3110BxWfAmCZggJmCUnYWgPTr0QLnx08sqpLYa8JHRiOudd+CgzdpfU5x5eOaW2WMkpmOrFshRFYK7Mw==, tarball: https://registry.npmjs.org/publint/-/publint-0.2.7.tgz}
    engines: {node: '>=16'}
    hasBin: true

  sade@1.8.1:
    resolution: {integrity: sha512-xal3CZX1Xlo/k4ApwCFrHVACi9fBqJ7V+mwhBsuf/1IOKbBy098Fex+Wa/5QMubw09pSZ/u8EY8PWgevJsXp1A==, tarball: https://registry.npmjs.org/sade/-/sade-1.8.1.tgz}
    engines: {node: '>=6'}

  typescript@5.4.5:
    resolution: {integrity: sha512-vcI4UpRgg81oIRUFwR0WSIHKt11nJ7SAVlYNIu+QpqeyXP+gpQJy/Z4+F0aGxSE4MqwjyXvW/TzgkLAx2AGHwQ==, tarball: https://registry.npmjs.org/typescript/-/typescript-5.4.5.tgz}
    engines: {node: '>=14.17'}
    hasBin: true

  undici-types@5.26.5:
    resolution: {integrity: sha512-JlCMO+ehdEIKqlFxk6IfVoAUVmgz7cU7zD/h9XZ0qzeosSHmUJVOzSQvvYSYWXkFXC+IfLKSIffhv0sVZup6pA==, tarball: https://registry.npmjs.org/undici-types/-/undici-types-5.26.5.tgz}

  which@4.0.0:
    resolution: {integrity: sha512-GlaYyEb07DPxYCKhKzplCWBJtvxZcZMrL+4UkrTSJHHPyZU4mYYTv3qaOe77H7EODLSSopAUFAc6W8U4yqvscg==, tarball: https://registry.npmjs.org/which/-/which-4.0.0.tgz}
    engines: {node: ^16.13.0 || >=18.0.0}
    hasBin: true

  wrappy@1.0.2:
    resolution: {integrity: sha512-l4Sp/DRseor9wL6EvV2+TuQn63dMkPjZ/sp9XkghTEbV9KlPS1xUsZ3u7/IQO4wxtcFB4bgpQPRcR3QCvezPcQ==, tarball: https://registry.npmjs.org/wrappy/-/wrappy-1.0.2.tgz}

snapshots:

  '@esbuild/aix-ppc64@0.21.1':
    optional: true

  '@esbuild/android-arm64@0.21.1':
    optional: true

  '@esbuild/android-arm@0.21.1':
    optional: true

  '@esbuild/android-x64@0.21.1':
    optional: true

  '@esbuild/darwin-arm64@0.21.1':
    optional: true

  '@esbuild/darwin-x64@0.21.1':
    optional: true

  '@esbuild/freebsd-arm64@0.21.1':
    optional: true

  '@esbuild/freebsd-x64@0.21.1':
    optional: true

  '@esbuild/linux-arm64@0.21.1':
    optional: true

  '@esbuild/linux-arm@0.21.1':
    optional: true

  '@esbuild/linux-ia32@0.21.1':
    optional: true

  '@esbuild/linux-loong64@0.21.1':
    optional: true

  '@esbuild/linux-mips64el@0.21.1':
    optional: true

  '@esbuild/linux-ppc64@0.21.1':
    optional: true

  '@esbuild/linux-riscv64@0.21.1':
    optional: true

  '@esbuild/linux-s390x@0.21.1':
    optional: true

  '@esbuild/linux-x64@0.21.1':
    optional: true

  '@esbuild/netbsd-x64@0.21.1':
    optional: true

  '@esbuild/openbsd-x64@0.21.1':
    optional: true

  '@esbuild/sunos-x64@0.21.1':
    optional: true

  '@esbuild/win32-arm64@0.21.1':
    optional: true

  '@esbuild/win32-ia32@0.21.1':
    optional: true

  '@esbuild/win32-x64@0.21.1':
    optional: true

  '@types/node@20.12.11':
    dependencies:
      undici-types: 5.26.5

  '@types/which@3.0.3': {}

  balanced-match@1.0.2: {}

  brace-expansion@2.0.1:
    dependencies:
      balanced-match: 1.0.2

  esbuild@0.21.1:
    optionalDependencies:
      '@esbuild/aix-ppc64': 0.21.1
      '@esbuild/android-arm': 0.21.1
      '@esbuild/android-arm64': 0.21.1
      '@esbuild/android-x64': 0.21.1
      '@esbuild/darwin-arm64': 0.21.1
      '@esbuild/darwin-x64': 0.21.1
      '@esbuild/freebsd-arm64': 0.21.1
      '@esbuild/freebsd-x64': 0.21.1
      '@esbuild/linux-arm': 0.21.1
      '@esbuild/linux-arm64': 0.21.1
      '@esbuild/linux-ia32': 0.21.1
      '@esbuild/linux-loong64': 0.21.1
      '@esbuild/linux-mips64el': 0.21.1
      '@esbuild/linux-ppc64': 0.21.1
      '@esbuild/linux-riscv64': 0.21.1
      '@esbuild/linux-s390x': 0.21.1
      '@esbuild/linux-x64': 0.21.1
      '@esbuild/netbsd-x64': 0.21.1
      '@esbuild/openbsd-x64': 0.21.1
      '@esbuild/sunos-x64': 0.21.1
      '@esbuild/win32-arm64': 0.21.1
      '@esbuild/win32-ia32': 0.21.1
      '@esbuild/win32-x64': 0.21.1

  fs.realpath@1.0.0: {}

  glob@8.1.0:
    dependencies:
      fs.realpath: 1.0.0
      inflight: 1.0.6
      inherits: 2.0.4
      minimatch: 5.1.6
      once: 1.4.0

  ignore-walk@5.0.1:
    dependencies:
      minimatch: 5.1.6

  inflight@1.0.6:
    dependencies:
      once: 1.4.0
      wrappy: 1.0.2

  inherits@2.0.4: {}

  isexe@3.1.1: {}

  minimatch@5.1.6:
    dependencies:
      brace-expansion: 2.0.1

  mri@1.2.0: {}

  npm-bundled@2.0.1:
    dependencies:
      npm-normalize-package-bin: 2.0.0

  npm-normalize-package-bin@2.0.0: {}

  npm-packlist@5.1.3:
    dependencies:
      glob: 8.1.0
      ignore-walk: 5.0.1
      npm-bundled: 2.0.1
      npm-normalize-package-bin: 2.0.0

  once@1.4.0:
    dependencies:
      wrappy: 1.0.2

  picocolors@1.0.0: {}

  prettier@3.2.5: {}

  publint@0.2.7:
    dependencies:
      npm-packlist: 5.1.3
      picocolors: 1.0.0
      sade: 1.8.1

  sade@1.8.1:
    dependencies:
      mri: 1.2.0

  typescript@5.4.5: {}

  undici-types@5.26.5: {}

  which@4.0.0:
    dependencies:
      isexe: 3.1.1

  wrappy@1.0.2: {}
