lockfileVersion: '9.0'

settings:
  autoInstallPeers: true
  excludeLinksFromLockfile: false

importers:

  .:
    dependencies:
      mitata:
        specifier: git+https://github.com/elide-dev/mitata.git#cbea7911fb517962667d7aa71f934d885620d68b
        version: https://codeload.github.com/elide-dev/mitata/tar.gz/cbea7911fb517962667d7aa71f934d885620d68b
      which:
        specifier: 4.0.0
        version: 4.0.0
    devDependencies:
      '@types/node':
        specifier: 20.14.2
        version: 20.14.2
      '@types/which':
        specifier: 3.0.4
        version: 3.0.4
      esbuild:
        specifier: 0.21.4
        version: 0.21.4
      prettier:
        specifier: 3.3.1
        version: 3.3.1
      publint:
        specifier: 0.2.8
        version: 0.2.8
      typescript:
        specifier: 5.4.5
        version: 5.4.5

packages:

  '@esbuild/aix-ppc64@0.21.4':
    resolution: {integrity: sha512-Zrm+B33R4LWPLjDEVnEqt2+SLTATlru1q/xYKVn8oVTbiRBGmK2VIMoIYGJDGyftnGaC788IuzGFAlb7IQ0Y8A==, tarball: https://registry.npmjs.org/@esbuild/aix-ppc64/-/aix-ppc64-0.21.4.tgz}
    engines: {node: '>=12'}
    cpu: [ppc64]
    os: [aix]

  '@esbuild/android-arm64@0.21.4':
    resolution: {integrity: sha512-fYFnz+ObClJ3dNiITySBUx+oNalYUT18/AryMxfovLkYWbutXsct3Wz2ZWAcGGppp+RVVX5FiXeLYGi97umisA==, tarball: https://registry.npmjs.org/@esbuild/android-arm64/-/android-arm64-0.21.4.tgz}
    engines: {node: '>=12'}
    cpu: [arm64]
    os: [android]

  '@esbuild/android-arm@0.21.4':
    resolution: {integrity: sha512-E7H/yTd8kGQfY4z9t3nRPk/hrhaCajfA3YSQSBrst8B+3uTcgsi8N+ZWYCaeIDsiVs6m65JPCaQN/DxBRclF3A==, tarball: https://registry.npmjs.org/@esbuild/android-arm/-/android-arm-0.21.4.tgz}
    engines: {node: '>=12'}
    cpu: [arm]
    os: [android]

  '@esbuild/android-x64@0.21.4':
    resolution: {integrity: sha512-mDqmlge3hFbEPbCWxp4fM6hqq7aZfLEHZAKGP9viq9wMUBVQx202aDIfc3l+d2cKhUJM741VrCXEzRFhPDKH3Q==, tarball: https://registry.npmjs.org/@esbuild/android-x64/-/android-x64-0.21.4.tgz}
    engines: {node: '>=12'}
    cpu: [x64]
    os: [android]

  '@esbuild/darwin-arm64@0.21.4':
    resolution: {integrity: sha512-72eaIrDZDSiWqpmCzVaBD58c8ea8cw/U0fq/PPOTqE3c53D0xVMRt2ooIABZ6/wj99Y+h4ksT/+I+srCDLU9TA==, tarball: https://registry.npmjs.org/@esbuild/darwin-arm64/-/darwin-arm64-0.21.4.tgz}
    engines: {node: '>=12'}
    cpu: [arm64]
    os: [darwin]

  '@esbuild/darwin-x64@0.21.4':
    resolution: {integrity: sha512-uBsuwRMehGmw1JC7Vecu/upOjTsMhgahmDkWhGLWxIgUn2x/Y4tIwUZngsmVb6XyPSTXJYS4YiASKPcm9Zitag==, tarball: https://registry.npmjs.org/@esbuild/darwin-x64/-/darwin-x64-0.21.4.tgz}
    engines: {node: '>=12'}
    cpu: [x64]
    os: [darwin]

  '@esbuild/freebsd-arm64@0.21.4':
    resolution: {integrity: sha512-8JfuSC6YMSAEIZIWNL3GtdUT5NhUA/CMUCpZdDRolUXNAXEE/Vbpe6qlGLpfThtY5NwXq8Hi4nJy4YfPh+TwAg==, tarball: https://registry.npmjs.org/@esbuild/freebsd-arm64/-/freebsd-arm64-0.21.4.tgz}
    engines: {node: '>=12'}
    cpu: [arm64]
    os: [freebsd]

  '@esbuild/freebsd-x64@0.21.4':
    resolution: {integrity: sha512-8d9y9eQhxv4ef7JmXny7591P/PYsDFc4+STaxC1GBv0tMyCdyWfXu2jBuqRsyhY8uL2HU8uPyscgE2KxCY9imQ==, tarball: https://registry.npmjs.org/@esbuild/freebsd-x64/-/freebsd-x64-0.21.4.tgz}
    engines: {node: '>=12'}
    cpu: [x64]
    os: [freebsd]

  '@esbuild/linux-arm64@0.21.4':
    resolution: {integrity: sha512-/GLD2orjNU50v9PcxNpYZi+y8dJ7e7/LhQukN3S4jNDXCKkyyiyAz9zDw3siZ7Eh1tRcnCHAo/WcqKMzmi4eMQ==, tarball: https://registry.npmjs.org/@esbuild/linux-arm64/-/linux-arm64-0.21.4.tgz}
    engines: {node: '>=12'}
    cpu: [arm64]
    os: [linux]

  '@esbuild/linux-arm@0.21.4':
    resolution: {integrity: sha512-2rqFFefpYmpMs+FWjkzSgXg5vViocqpq5a1PSRgT0AvSgxoXmGF17qfGAzKedg6wAwyM7UltrKVo9kxaJLMF/g==, tarball: https://registry.npmjs.org/@esbuild/linux-arm/-/linux-arm-0.21.4.tgz}
    engines: {node: '>=12'}
    cpu: [arm]
    os: [linux]

  '@esbuild/linux-ia32@0.21.4':
    resolution: {integrity: sha512-pNftBl7m/tFG3t2m/tSjuYeWIffzwAZT9m08+9DPLizxVOsUl8DdFzn9HvJrTQwe3wvJnwTdl92AonY36w/25g==, tarball: https://registry.npmjs.org/@esbuild/linux-ia32/-/linux-ia32-0.21.4.tgz}
    engines: {node: '>=12'}
    cpu: [ia32]
    os: [linux]

  '@esbuild/linux-loong64@0.21.4':
    resolution: {integrity: sha512-cSD2gzCK5LuVX+hszzXQzlWya6c7hilO71L9h4KHwqI4qeqZ57bAtkgcC2YioXjsbfAv4lPn3qe3b00Zt+jIfQ==, tarball: https://registry.npmjs.org/@esbuild/linux-loong64/-/linux-loong64-0.21.4.tgz}
    engines: {node: '>=12'}
    cpu: [loong64]
    os: [linux]

  '@esbuild/linux-mips64el@0.21.4':
    resolution: {integrity: sha512-qtzAd3BJh7UdbiXCrg6npWLYU0YpufsV9XlufKhMhYMJGJCdfX/G6+PNd0+v877X1JG5VmjBLUiFB0o8EUSicA==, tarball: https://registry.npmjs.org/@esbuild/linux-mips64el/-/linux-mips64el-0.21.4.tgz}
    engines: {node: '>=12'}
    cpu: [mips64el]
    os: [linux]

  '@esbuild/linux-ppc64@0.21.4':
    resolution: {integrity: sha512-yB8AYzOTaL0D5+2a4xEy7OVvbcypvDR05MsB/VVPVA7nL4hc5w5Dyd/ddnayStDgJE59fAgNEOdLhBxjfx5+dg==, tarball: https://registry.npmjs.org/@esbuild/linux-ppc64/-/linux-ppc64-0.21.4.tgz}
    engines: {node: '>=12'}
    cpu: [ppc64]
    os: [linux]

  '@esbuild/linux-riscv64@0.21.4':
    resolution: {integrity: sha512-Y5AgOuVzPjQdgU59ramLoqSSiXddu7F3F+LI5hYy/d1UHN7K5oLzYBDZe23QmQJ9PIVUXwOdKJ/jZahPdxzm9w==, tarball: https://registry.npmjs.org/@esbuild/linux-riscv64/-/linux-riscv64-0.21.4.tgz}
    engines: {node: '>=12'}
    cpu: [riscv64]
    os: [linux]

  '@esbuild/linux-s390x@0.21.4':
    resolution: {integrity: sha512-Iqc/l/FFwtt8FoTK9riYv9zQNms7B8u+vAI/rxKuN10HgQIXaPzKZc479lZ0x6+vKVQbu55GdpYpeNWzjOhgbA==, tarball: https://registry.npmjs.org/@esbuild/linux-s390x/-/linux-s390x-0.21.4.tgz}
    engines: {node: '>=12'}
    cpu: [s390x]
    os: [linux]

  '@esbuild/linux-x64@0.21.4':
    resolution: {integrity: sha512-Td9jv782UMAFsuLZINfUpoF5mZIbAj+jv1YVtE58rFtfvoKRiKSkRGQfHTgKamLVT/fO7203bHa3wU122V/Bdg==, tarball: https://registry.npmjs.org/@esbuild/linux-x64/-/linux-x64-0.21.4.tgz}
    engines: {node: '>=12'}
    cpu: [x64]
    os: [linux]

  '@esbuild/netbsd-x64@0.21.4':
    resolution: {integrity: sha512-Awn38oSXxsPMQxaV0Ipb7W/gxZtk5Tx3+W+rAPdZkyEhQ6968r9NvtkjhnhbEgWXYbgV+JEONJ6PcdBS+nlcpA==, tarball: https://registry.npmjs.org/@esbuild/netbsd-x64/-/netbsd-x64-0.21.4.tgz}
    engines: {node: '>=12'}
    cpu: [x64]
    os: [netbsd]

  '@esbuild/openbsd-x64@0.21.4':
    resolution: {integrity: sha512-IsUmQeCY0aU374R82fxIPu6vkOybWIMc3hVGZ3ChRwL9hA1TwY+tS0lgFWV5+F1+1ssuvvXt3HFqe8roCip8Hg==, tarball: https://registry.npmjs.org/@esbuild/openbsd-x64/-/openbsd-x64-0.21.4.tgz}
    engines: {node: '>=12'}
    cpu: [x64]
    os: [openbsd]

  '@esbuild/sunos-x64@0.21.4':
    resolution: {integrity: sha512-hsKhgZ4teLUaDA6FG/QIu2q0rI6I36tZVfM4DBZv3BG0mkMIdEnMbhc4xwLvLJSS22uWmaVkFkqWgIS0gPIm+A==, tarball: https://registry.npmjs.org/@esbuild/sunos-x64/-/sunos-x64-0.21.4.tgz}
    engines: {node: '>=12'}
    cpu: [x64]
    os: [sunos]

  '@esbuild/win32-arm64@0.21.4':
    resolution: {integrity: sha512-UUfMgMoXPoA/bvGUNfUBFLCh0gt9dxZYIx9W4rfJr7+hKe5jxxHmfOK8YSH4qsHLLN4Ck8JZ+v7Q5fIm1huErg==, tarball: https://registry.npmjs.org/@esbuild/win32-arm64/-/win32-arm64-0.21.4.tgz}
    engines: {node: '>=12'}
    cpu: [arm64]
    os: [win32]

  '@esbuild/win32-ia32@0.21.4':
    resolution: {integrity: sha512-yIxbspZb5kGCAHWm8dexALQ9en1IYDfErzjSEq1KzXFniHv019VT3mNtTK7t8qdy4TwT6QYHI9sEZabONHg+aw==, tarball: https://registry.npmjs.org/@esbuild/win32-ia32/-/win32-ia32-0.21.4.tgz}
    engines: {node: '>=12'}
    cpu: [ia32]
    os: [win32]

  '@esbuild/win32-x64@0.21.4':
    resolution: {integrity: sha512-sywLRD3UK/qRJt0oBwdpYLBibk7KiRfbswmWRDabuncQYSlf8aLEEUor/oP6KRz8KEG+HoiVLBhPRD5JWjS8Sg==, tarball: https://registry.npmjs.org/@esbuild/win32-x64/-/win32-x64-0.21.4.tgz}
    engines: {node: '>=12'}
    cpu: [x64]
    os: [win32]

  '@types/node@20.14.2':
    resolution: {integrity: sha512-xyu6WAMVwv6AKFLB+e/7ySZVr/0zLCzOa7rSpq6jNwpqOrUbcACDWC+53d4n2QHOnDou0fbIsg8wZu/sxrnI4Q==, tarball: https://registry.npmjs.org/@types/node/-/node-20.14.2.tgz}

  '@types/which@3.0.4':
    resolution: {integrity: sha512-liyfuo/106JdlgSchJzXEQCVArk0CvevqPote8F8HgWgJ3dRCcTHgJIsLDuee0kxk/mhbInzIZk3QWSZJ8R+2w==, tarball: https://registry.npmjs.org/@types/which/-/which-3.0.4.tgz}

  balanced-match@1.0.2:
    resolution: {integrity: sha512-3oSeUO0TMV67hN1AmbXsK4yaqU7tjiHlbxRDZOpH0KW9+CeX4bRAaX0Anxt0tx2MrpRpWwQaPwIlISEJhYU5Pw==, tarball: https://registry.npmjs.org/balanced-match/-/balanced-match-1.0.2.tgz}

  brace-expansion@2.0.1:
    resolution: {integrity: sha512-XnAIvQ8eM+kC6aULx6wuQiwVsnzsi9d3WxzV3FpWTGA19F621kwdbsAcFKXgKUHZWsy+mY6iL1sHTxWEFCytDA==, tarball: https://registry.npmjs.org/brace-expansion/-/brace-expansion-2.0.1.tgz}

  esbuild@0.21.4:
    resolution: {integrity: sha512-sFMcNNrj+Q0ZDolrp5pDhH0nRPN9hLIM3fRPwgbLYJeSHHgnXSnbV3xYgSVuOeLWH9c73VwmEverVzupIv5xuA==, tarball: https://registry.npmjs.org/esbuild/-/esbuild-0.21.4.tgz}
    engines: {node: '>=12'}
    hasBin: true

  fs.realpath@1.0.0:
    resolution: {integrity: sha512-OO0pH2lK6a0hZnAdau5ItzHPI6pUlvI7jMVnxUQRtw4owF2wk8lOSabtGDCTP4Ggrg2MbGnWO9X8K1t4+fGMDw==, tarball: https://registry.npmjs.org/fs.realpath/-/fs.realpath-1.0.0.tgz}

  glob@8.1.0:
    resolution: {integrity: sha512-r8hpEjiQEYlF2QU0df3dS+nxxSIreXQS1qRhMJM0Q5NDdR386C7jb7Hwwod8Fgiuex+k0GFjgft18yvxm5XoCQ==, tarball: https://registry.npmjs.org/glob/-/glob-8.1.0.tgz}
    engines: {node: '>=12'}
    deprecated: Glob versions prior to v9 are no longer supported

  ignore-walk@5.0.1:
    resolution: {integrity: sha512-yemi4pMf51WKT7khInJqAvsIGzoqYXblnsz0ql8tM+yi1EKYTY1evX4NAbJrLL/Aanr2HyZeluqU+Oi7MGHokw==, tarball: https://registry.npmjs.org/ignore-walk/-/ignore-walk-5.0.1.tgz}
    engines: {node: ^12.13.0 || ^14.15.0 || >=16.0.0}

  inflight@1.0.6:
    resolution: {integrity: sha512-k92I/b08q4wvFscXCLvqfsHCrjrF7yiXsQuIVvVE7N82W3+aqpzuUdBbfhWcy/FZR3/4IgflMgKLOsvPDrGCJA==, tarball: https://registry.npmjs.org/inflight/-/inflight-1.0.6.tgz}
    deprecated: This module is not supported, and leaks memory. Do not use it. Check out lru-cache if you want a good and tested way to coalesce async requests by a key value, which is much more comprehensive and powerful.

  inherits@2.0.4:
    resolution: {integrity: sha512-k/vGaX4/Yla3WzyMCvTQOXYeIHvqOKtnqBduzTHpzpQZzAskKMhZ2K+EnBiSM9zGSoIFeMpXKxa4dYeZIQqewQ==, tarball: https://registry.npmjs.org/inherits/-/inherits-2.0.4.tgz}

  isexe@3.1.1:
    resolution: {integrity: sha512-LpB/54B+/2J5hqQ7imZHfdU31OlgQqx7ZicVlkm9kzg9/w8GKLEcFfJl/t7DCEDueOyBAD6zCCwTO6Fzs0NoEQ==, tarball: https://registry.npmjs.org/isexe/-/isexe-3.1.1.tgz}
    engines: {node: '>=16'}

  minimatch@5.1.6:
    resolution: {integrity: sha512-lKwV/1brpG6mBUFHtb7NUmtABCb2WZZmm2wNiOA5hAb8VdCS4B3dtMWyvcoViccwAW/COERjXLt0zP1zXUN26g==, tarball: https://registry.npmjs.org/minimatch/-/minimatch-5.1.6.tgz}
    engines: {node: '>=10'}

  mitata@https://codeload.github.com/elide-dev/mitata/tar.gz/cbea7911fb517962667d7aa71f934d885620d68b:
    resolution: {tarball: https://codeload.github.com/elide-dev/mitata/tar.gz/cbea7911fb517962667d7aa71f934d885620d68b}
    version: 0.1.12-elide

  mri@1.2.0:
    resolution: {integrity: sha512-tzzskb3bG8LvYGFF/mDTpq3jpI6Q9wc3LEmBaghu+DdCssd1FakN7Bc0hVNmEyGq1bq3RgfkCb3cmQLpNPOroA==, tarball: https://registry.npmjs.org/mri/-/mri-1.2.0.tgz}
    engines: {node: '>=4'}

  npm-bundled@2.0.1:
    resolution: {integrity: sha512-gZLxXdjEzE/+mOstGDqR6b0EkhJ+kM6fxM6vUuckuctuVPh80Q6pw/rSZj9s4Gex9GxWtIicO1pc8DB9KZWudw==, tarball: https://registry.npmjs.org/npm-bundled/-/npm-bundled-2.0.1.tgz}
    engines: {node: ^12.13.0 || ^14.15.0 || >=16.0.0}

  npm-normalize-package-bin@2.0.0:
    resolution: {integrity: sha512-awzfKUO7v0FscrSpRoogyNm0sajikhBWpU0QMrW09AMi9n1PoKU6WaIqUzuJSQnpciZZmJ/jMZ2Egfmb/9LiWQ==, tarball: https://registry.npmjs.org/npm-normalize-package-bin/-/npm-normalize-package-bin-2.0.0.tgz}
    engines: {node: ^12.13.0 || ^14.15.0 || >=16.0.0}

  npm-packlist@5.1.3:
    resolution: {integrity: sha512-263/0NGrn32YFYi4J533qzrQ/krmmrWwhKkzwTuM4f/07ug51odoaNjUexxO4vxlzURHcmYMH1QjvHjsNDKLVg==, tarball: https://registry.npmjs.org/npm-packlist/-/npm-packlist-5.1.3.tgz}
    engines: {node: ^12.13.0 || ^14.15.0 || >=16.0.0}
    hasBin: true

  once@1.4.0:
    resolution: {integrity: sha512-lNaJgI+2Q5URQBkccEKHTQOPaXdUxnZZElQTZY0MFUAuaEqe1E+Nyvgdz/aIyNi6Z9MzO5dv1H8n58/GELp3+w==, tarball: https://registry.npmjs.org/once/-/once-1.4.0.tgz}

  picocolors@1.0.1:
    resolution: {integrity: sha512-anP1Z8qwhkbmu7MFP5iTt+wQKXgwzf7zTyGlcdzabySa9vd0Xt392U0rVmz9poOaBj0uHJKyyo9/upk0HrEQew==, tarball: https://registry.npmjs.org/picocolors/-/picocolors-1.0.1.tgz}

  prettier@3.3.1:
    resolution: {integrity: sha512-7CAwy5dRsxs8PHXT3twixW9/OEll8MLE0VRPCJyl7CkS6VHGPSlsVaWTiASPTyGyYRyApxlaWTzwUxVNrhcwDg==, tarball: https://registry.npmjs.org/prettier/-/prettier-3.3.1.tgz}
    engines: {node: '>=14'}
    hasBin: true

  publint@0.2.8:
    resolution: {integrity: sha512-C5MjGJ7gpanqaDpgBN+6QhjvXcoj0/YpbucoW29oO5729CGTMzfr3wZTIYcpzB1xl9ZfEqj4KL86P2Z50pt/JA==, tarball: https://registry.npmjs.org/publint/-/publint-0.2.8.tgz}
    engines: {node: '>=16'}
    hasBin: true

  sade@1.8.1:
    resolution: {integrity: sha512-xal3CZX1Xlo/k4ApwCFrHVACi9fBqJ7V+mwhBsuf/1IOKbBy098Fex+Wa/5QMubw09pSZ/u8EY8PWgevJsXp1A==, tarball: https://registry.npmjs.org/sade/-/sade-1.8.1.tgz}
    engines: {node: '>=6'}

  typescript@5.4.5:
    resolution: {integrity: sha512-vcI4UpRgg81oIRUFwR0WSIHKt11nJ7SAVlYNIu+QpqeyXP+gpQJy/Z4+F0aGxSE4MqwjyXvW/TzgkLAx2AGHwQ==, tarball: https://registry.npmjs.org/typescript/-/typescript-5.4.5.tgz}
    engines: {node: '>=14.17'}
    hasBin: true

  undici-types@5.26.5:
    resolution: {integrity: sha512-JlCMO+ehdEIKqlFxk6IfVoAUVmgz7cU7zD/h9XZ0qzeosSHmUJVOzSQvvYSYWXkFXC+IfLKSIffhv0sVZup6pA==, tarball: https://registry.npmjs.org/undici-types/-/undici-types-5.26.5.tgz}

  which@4.0.0:
    resolution: {integrity: sha512-GlaYyEb07DPxYCKhKzplCWBJtvxZcZMrL+4UkrTSJHHPyZU4mYYTv3qaOe77H7EODLSSopAUFAc6W8U4yqvscg==, tarball: https://registry.npmjs.org/which/-/which-4.0.0.tgz}
    engines: {node: ^16.13.0 || >=18.0.0}
    hasBin: true

  wrappy@1.0.2:
    resolution: {integrity: sha512-l4Sp/DRseor9wL6EvV2+TuQn63dMkPjZ/sp9XkghTEbV9KlPS1xUsZ3u7/IQO4wxtcFB4bgpQPRcR3QCvezPcQ==, tarball: https://registry.npmjs.org/wrappy/-/wrappy-1.0.2.tgz}

snapshots:

  '@esbuild/aix-ppc64@0.21.4':
    optional: true

  '@esbuild/android-arm64@0.21.4':
    optional: true

  '@esbuild/android-arm@0.21.4':
    optional: true

  '@esbuild/android-x64@0.21.4':
    optional: true

  '@esbuild/darwin-arm64@0.21.4':
    optional: true

  '@esbuild/darwin-x64@0.21.4':
    optional: true

  '@esbuild/freebsd-arm64@0.21.4':
    optional: true

  '@esbuild/freebsd-x64@0.21.4':
    optional: true

  '@esbuild/linux-arm64@0.21.4':
    optional: true

  '@esbuild/linux-arm@0.21.4':
    optional: true

  '@esbuild/linux-ia32@0.21.4':
    optional: true

  '@esbuild/linux-loong64@0.21.4':
    optional: true

  '@esbuild/linux-mips64el@0.21.4':
    optional: true

  '@esbuild/linux-ppc64@0.21.4':
    optional: true

  '@esbuild/linux-riscv64@0.21.4':
    optional: true

  '@esbuild/linux-s390x@0.21.4':
    optional: true

  '@esbuild/linux-x64@0.21.4':
    optional: true

  '@esbuild/netbsd-x64@0.21.4':
    optional: true

  '@esbuild/openbsd-x64@0.21.4':
    optional: true

  '@esbuild/sunos-x64@0.21.4':
    optional: true

  '@esbuild/win32-arm64@0.21.4':
    optional: true

  '@esbuild/win32-ia32@0.21.4':
    optional: true

  '@esbuild/win32-x64@0.21.4':
    optional: true

  '@types/node@20.14.2':
    dependencies:
      undici-types: 5.26.5

  '@types/which@3.0.4': {}

  balanced-match@1.0.2: {}

  brace-expansion@2.0.1:
    dependencies:
      balanced-match: 1.0.2

  esbuild@0.21.4:
    optionalDependencies:
      '@esbuild/aix-ppc64': 0.21.4
      '@esbuild/android-arm': 0.21.4
      '@esbuild/android-arm64': 0.21.4
      '@esbuild/android-x64': 0.21.4
      '@esbuild/darwin-arm64': 0.21.4
      '@esbuild/darwin-x64': 0.21.4
      '@esbuild/freebsd-arm64': 0.21.4
      '@esbuild/freebsd-x64': 0.21.4
      '@esbuild/linux-arm': 0.21.4
      '@esbuild/linux-arm64': 0.21.4
      '@esbuild/linux-ia32': 0.21.4
      '@esbuild/linux-loong64': 0.21.4
      '@esbuild/linux-mips64el': 0.21.4
      '@esbuild/linux-ppc64': 0.21.4
      '@esbuild/linux-riscv64': 0.21.4
      '@esbuild/linux-s390x': 0.21.4
      '@esbuild/linux-x64': 0.21.4
      '@esbuild/netbsd-x64': 0.21.4
      '@esbuild/openbsd-x64': 0.21.4
      '@esbuild/sunos-x64': 0.21.4
      '@esbuild/win32-arm64': 0.21.4
      '@esbuild/win32-ia32': 0.21.4
      '@esbuild/win32-x64': 0.21.4

  fs.realpath@1.0.0: {}

  glob@8.1.0:
    dependencies:
      fs.realpath: 1.0.0
      inflight: 1.0.6
      inherits: 2.0.4
      minimatch: 5.1.6
      once: 1.4.0

  ignore-walk@5.0.1:
    dependencies:
      minimatch: 5.1.6

  inflight@1.0.6:
    dependencies:
      once: 1.4.0
      wrappy: 1.0.2

  inherits@2.0.4: {}

  isexe@3.1.1: {}

  minimatch@5.1.6:
    dependencies:
      brace-expansion: 2.0.1

  mitata@https://codeload.github.com/elide-dev/mitata/tar.gz/cbea7911fb517962667d7aa71f934d885620d68b: {}

  mri@1.2.0: {}

  npm-bundled@2.0.1:
    dependencies:
      npm-normalize-package-bin: 2.0.0

  npm-normalize-package-bin@2.0.0: {}

  npm-packlist@5.1.3:
    dependencies:
      glob: 8.1.0
      ignore-walk: 5.0.1
      npm-bundled: 2.0.1
      npm-normalize-package-bin: 2.0.0

  once@1.4.0:
    dependencies:
      wrappy: 1.0.2

  picocolors@1.0.1: {}

  prettier@3.3.1: {}

  publint@0.2.8:
    dependencies:
      npm-packlist: 5.1.3
      picocolors: 1.0.1
      sade: 1.8.1

  sade@1.8.1:
    dependencies:
      mri: 1.2.0

  typescript@5.4.5: {}

  undici-types@5.26.5: {}

  which@4.0.0:
    dependencies:
      isexe: 3.1.1

  wrappy@1.0.2: {}
